
Microsoft Visual Studio Solution File, Format Version 12.00
# Visual Studio Version 16
VisualStudioVersion = 16.0.29728.190
MinimumVisualStudioVersion = 10.0.40219.1
Project("{151D2E53-A2C4-4D7D-83FE-D05416EBD58E}") = "TwitterCampaignManager", "TwitterCampaignManager\TwitterCampaignManager.deployproj", "{4B85D7AD-0678-4955-BB13-5AA152A6768F}"
EndProject
Project("{FAE04EC0-301F-11D3-BF4B-00C04F79EFBC}") = "TwitterCampaignManager.Funcs", "TwitterCampaignManager.Funcs\TwitterCampaignManager.Funcs.csproj", "{A717437E-9CA4-4CB5-95B8-FA6D7843CDC2}"
EndProject
Global
	GlobalSection(SolutionConfigurationPlatforms) = preSolution
		Debug|Any CPU = Debug|Any CPU
		Release|Any CPU = Release|Any CPU
	EndGlobalSection
	GlobalSection(ProjectConfigurationPlatforms) = postSolution
		{4B85D7AD-0678-4955-BB13-5AA152A6768F}.Debug|Any CPU.ActiveCfg = Debug|Any CPU
		{4B85D7AD-0678-4955-BB13-5AA152A6768F}.Debug|Any CPU.Build.0 = Debug|Any CPU
		{4B85D7AD-0678-4955-BB13-5AA152A6768F}.Release|Any CPU.ActiveCfg = Release|Any CPU
		{4B85D7AD-0678-4955-BB13-5AA152A6768F}.Release|Any CPU.Build.0 = Release|Any CPU
		{A717437E-9CA4-4CB5-95B8-FA6D7843CDC2}.Debug|Any CPU.ActiveCfg = Debug|Any CPU
		{A717437E-9CA4-4CB5-95B8-FA6D7843CDC2}.Debug|Any CPU.Build.0 = Debug|Any CPU
		{A717437E-9CA4-4CB5-95B8-FA6D7843CDC2}.Release|Any CPU.ActiveCfg = Release|Any CPU
		{A717437E-9CA4-4CB5-95B8-FA6D7843CDC2}.Release|Any CPU.Build.0 = Release|Any CPU
	EndGlobalSection
	GlobalSection(SolutionProperties) = preSolution
		HideSolutionNode = FALSE
	EndGlobalSection
	GlobalSection(ExtensibilityGlobals) = postSolution
		SolutionGuid = {5252EB5E-023E-4A16-954F-B288A4E2BD8B}
	EndGlobalSection
EndGlobal
